# THIS IS AN AUTOGENERATED FILE. DO NOT EDIT THIS FILE DIRECTLY.
# yarn lockfile v1
acorn@^2.7.0:
  version "2.7.0"
  resolved "https://registry.yarnpkg.com/acorn/-/acorn-2.7.0.tgz#ab6e7d9d886aaca8b085bc3312b79a198433f0e7"

acorn@^4.0.3:
  version "4.0.11"
  resolved "https://registry.yarnpkg.com/acorn/-/acorn-4.0.11.tgz#edcda3bd937e7556410d42ed5860f67399c794c0"

amdefine@>=0.0.4:
  version "1.0.1"
  resolved "https://registry.yarnpkg.com/amdefine/-/amdefine-1.0.1.tgz#4a5282ac164729e93619bcfd3ad151f817ce91f5"

ansi-styles@~1.0.0:
  version "1.0.0"
  resolved "https://registry.yarnpkg.com/ansi-styles/-/ansi-styles-1.0.0.tgz#cb102df1c56f5123eab8b67cd7b98027a0279178"

assert@~1.1.0:
  version "1.1.2"
  resolved "https://registry.yarnpkg.com/assert/-/assert-1.1.2.tgz#adaa04c46bb58c6dd1f294da3eb26e6228eb6e44"
  dependencies:
    util "0.10.3"

ast-types@^0.4.5:
  version "0.4.13"
  resolved "https://registry.yarnpkg.com/ast-types/-/ast-types-0.4.13.tgz#445bd0b0f235028f5dc5b532fca27dc7b19ed754"
  dependencies:
    depd "~1.0.0"

astw@^2.0.0:
  version "2.2.0"
  resolved "https://registry.yarnpkg.com/astw/-/astw-2.2.0.tgz#7bd41784d32493987aeb239b6b4e1c57a873b917"
  dependencies:
    acorn "^4.0.3"

async@~0.2.6:
  version "0.2.10"
  resolved "https://registry.yarnpkg.com/async/-/async-0.2.10.tgz#b6bbe0b0674b9d719708ca38de8c237cb526c3d1"

base64-js@0.0.7:
  version "0.0.7"
  resolved "https://registry.yarnpkg.com/base64-js/-/base64-js-0.0.7.tgz#54400dc91d696cec32a8a47902f971522fee8f48"

Base64@~0.2.0:
  version "0.2.1"
  resolved "https://registry.yarnpkg.com/Base64/-/Base64-0.2.1.tgz#ba3a4230708e186705065e66babdd4c35cf60028"

browser-pack@~2.0.0:
  version "2.0.1"
  resolved "https://registry.yarnpkg.com/browser-pack/-/browser-pack-2.0.1.tgz#5d1c527f56c582677411c4db2a128648ff6bf150"
  dependencies:
    combine-source-map "~0.3.0"
    JSONStream "~0.6.4"
    through "~2.3.4"

browser-resolve@^1.3.0:
  version "1.11.2"
  resolved "https://registry.yarnpkg.com/browser-resolve/-/browser-resolve-1.11.2.tgz#8ff09b0a2c421718a1051c260b32e48f442938ce"
  dependencies:
    resolve "1.1.7"

browser-resolve@~1.2.4:
  version "1.2.4"
  resolved "https://registry.yarnpkg.com/browser-resolve/-/browser-resolve-1.2.4.tgz#59ae7820a82955ecd32f5fb7c468ac21c4723806"
  dependencies:
    resolve "0.6.3"

browserify-zlib@~0.1.2:
  version "0.1.4"
  resolved "https://registry.yarnpkg.com/browserify-zlib/-/browserify-zlib-0.1.4.tgz#bb35f8a519f600e0fa6b8485241c979d0141fb2d"
  dependencies:
    pako "~0.2.0"

browserify@~4.1.2:
  version "4.1.11"
  resolved "https://registry.yarnpkg.com/browserify/-/browserify-4.1.11.tgz#91652e0eabb43a8a69661f566ea35e356abbf6d1"
  dependencies:
    assert "~1.1.0"
    browser-pack "~2.0.0"
    browser-resolve "^1.3.0"
    browserify-zlib "~0.1.2"
    buffer "^2.3.0"
    builtins "~0.0.3"
    commondir "0.0.1"
    concat-stream "~1.4.1"
    console-browserify "~1.0.1"
    constants-browserify "~0.0.1"
    crypto-browserify "~1.0.9"
    deep-equal "~0.1.0"
    defined "~0.0.0"
    deps-sort "~0.1.1"
    derequire "~0.8.0"
    domain-browser "~1.1.0"
    duplexer "~0.1.1"
    events "~1.0.0"
    glob "~3.2.8"
    http-browserify "~1.3.1"
    https-browserify "~0.0.0"
    inherits "~2.0.1"
    insert-module-globals "~6.0.0"
    JSONStream "~0.7.1"
    module-deps "~2.1.1"
    os-browserify "~0.1.1"
    parents "~0.0.1"
    path-browserify "~0.0.0"
    process "^0.7.0"
    punycode "~1.2.3"
    querystring-es3 "~0.2.0"
    readable-stream "^1.0.27-1"
    resolve "~0.7.1"
    shallow-copy "0.0.1"
    shell-quote "~0.0.1"
    stream-browserify "^1.0.0"
    stream-combiner "~0.0.2"
    string_decoder "~0.0.0"
    subarg "0.0.1"
    syntax-error "~1.1.0"
    through2 "~0.4.1"
    timers-browserify "~1.0.1"
    tty-browserify "~0.0.0"
    umd "~2.1.0"
    url "~0.10.1"
    util "~0.10.1"
    vm-browserify "~0.0.1"
    xtend "^3.0.0"

buffer@^2.3.0:
  version "2.8.2"
  resolved "https://registry.yarnpkg.com/buffer/-/buffer-2.8.2.tgz#d73c214c0334384dc29b04ee0ff5f5527c7974e7"
  dependencies:
    base64-js "0.0.7"
    ieee754 "^1.1.4"
    is-array "^1.0.1"

builtins@~0.0.3:
  version "0.0.7"
  resolved "https://registry.yarnpkg.com/builtins/-/builtins-0.0.7.tgz#355219cd6cf18dbe7c01cc7fd2dce765cfdc549a"

callsite@~1.0.0:
  version "1.0.0"
  resolved "https://registry.yarnpkg.com/callsite/-/callsite-1.0.0.tgz#280398e5d664bd74038b6f0905153e6e8af1bc20"

camelcase@^1.0.2:
  version "1.2.1"
  resolved "https://registry.yarnpkg.com/camelcase/-/camelcase-1.2.1.tgz#9bb5304d2e0b56698b2c758b08a3eaa9daa58a39"

chalk@~0.4.0:
  version "0.4.0"
  resolved "https://registry.yarnpkg.com/chalk/-/chalk-0.4.0.tgz#5199a3ddcd0c1efe23bc08c1b027b06176e0c64f"
  dependencies:
    ansi-styles "~1.0.0"
    has-color "~0.1.0"
    strip-ansi "~0.1.0"

cjson@0.3.0:
  version "0.3.0"
  resolved "https://registry.yarnpkg.com/cjson/-/cjson-0.3.0.tgz#e6439b90703d312ff6e2224097bea92ce3d02a14"
  dependencies:
    jsonlint "1.6.0"

coffee-script@>=1.0.1:
  version "1.12.5"
  resolved "https://registry.yarnpkg.com/coffee-script/-/coffee-script-1.12.5.tgz#809f4585419112bbfe46a073ad7543af18c27346"

colors@0.5.x:
  version "0.5.1"
  resolved "https://registry.yarnpkg.com/colors/-/colors-0.5.1.tgz#7d0023eaeb154e8ee9fce75dcb923d0ed1667774"

combine-source-map@~0.3.0:
  version "0.3.0"
  resolved "https://registry.yarnpkg.com/combine-source-map/-/combine-source-map-0.3.0.tgz#d9e74f593d9cd43807312cb5d846d451efaa9eb7"
  dependencies:
    convert-source-map "~0.3.0"
    inline-source-map "~0.3.0"
    source-map "~0.1.31"

commondir@0.0.1:
  version "0.0.1"
  resolved "https://registry.yarnpkg.com/commondir/-/commondir-0.0.1.tgz#89f00fdcd51b519c578733fec563e6a6da7f5be2"

concat-stream@~1.4.1, concat-stream@~1.4.5:
  version "1.4.10"
  resolved "https://registry.yarnpkg.com/concat-stream/-/concat-stream-1.4.10.tgz#acc3bbf5602cb8cc980c6ac840fa7d8603e3ef36"
  dependencies:
    inherits "~2.0.1"
    readable-stream "~1.1.9"
    typedarray "~0.0.5"

console-browserify@~1.0.1:
  version "1.0.3"
  resolved "https://registry.yarnpkg.com/console-browserify/-/console-browserify-1.0.3.tgz#d3898d2c3a93102f364197f8874b4f92b5286a8e"

constants-browserify@~0.0.1:
  version "0.0.1"
  resolved "https://registry.yarnpkg.com/constants-browserify/-/constants-browserify-0.0.1.tgz#92577db527ba6c4cf0a4568d84bc031f441e21f2"

convert-source-map@~0.3.0:
  version "0.3.5"
  resolved "https://registry.yarnpkg.com/convert-source-map/-/convert-source-map-0.3.5.tgz#f1d802950af7dd2631a1febe0596550c86ab3190"

core-util-is@~1.0.0:
  version "1.0.2"
  resolved "https://registry.yarnpkg.com/core-util-is/-/core-util-is-1.0.2.tgz#b5fd54220aa2bc5ab57aab7140c940754503c1a7"

crypto-browserify@~1.0.9:
  version "1.0.9"
  resolved "https://registry.yarnpkg.com/crypto-browserify/-/crypto-browserify-1.0.9.tgz#cc5449685dfb85eb11c9828acc7cb87ab5bbfcc0"

decamelize@^1.0.0:
  version "1.2.0"
  resolved "https://registry.yarnpkg.com/decamelize/-/decamelize-1.2.0.tgz#f6534d15148269b20352e7bee26f501f9a191290"

deep-equal@~0.1.0:
  version "0.1.2"
  resolved "https://registry.yarnpkg.com/deep-equal/-/deep-equal-0.1.2.tgz#b246c2b80a570a47c11be1d9bd1070ec878b87ce"

defined@~0.0.0:
  version "0.0.0"
  resolved "https://registry.yarnpkg.com/defined/-/defined-0.0.0.tgz#f35eea7d705e933baf13b2f03b3f83d921403b3e"

depd@~1.0.0:
  version "1.0.1"
  resolved "https://registry.yarnpkg.com/depd/-/depd-1.0.1.tgz#80aec64c9d6d97e65cc2a9caa93c0aa6abf73aaa"

deps-sort@~0.1.1:
  version "0.1.2"
  resolved "https://registry.yarnpkg.com/deps-sort/-/deps-sort-0.1.2.tgz#daa2fb614a17c9637d801e2f55339ae370f3611a"
  dependencies:
    JSONStream "~0.6.4"
    minimist "~0.0.1"
    through "~2.3.4"

derequire@~0.8.0:
  version "0.8.0"
  resolved "https://registry.yarnpkg.com/derequire/-/derequire-0.8.0.tgz#c1f7f1da2cede44adede047378f03f444e9c4c0d"
  dependencies:
    esprima-fb "^3001.1.0-dev-harmony-fb"
    esrefactor "~0.1.0"
    estraverse "~1.5.0"

detective@~3.1.0:
  version "3.1.0"
  resolved "https://registry.yarnpkg.com/detective/-/detective-3.1.0.tgz#77782444ab752b88ca1be2e9d0a0395f1da25eed"
  dependencies:
    escodegen "~1.1.0"
    esprima-fb "3001.1.0-dev-harmony-fb"

domain-browser@~1.1.0:
  version "1.1.7"
  resolved "https://registry.yarnpkg.com/domain-browser/-/domain-browser-1.1.7.tgz#867aa4b093faa05f1de08c06f4d7b21fdf8698bc"

duplexer@~0.1.1:
  version "0.1.1"
  resolved "https://registry.yarnpkg.com/duplexer/-/duplexer-0.1.1.tgz#ace6ff808c1ce66b57d1ebf97977acb02334cfc1"

duplexer2@0.0.2:
  version "0.0.2"
  resolved "https://registry.yarnpkg.com/duplexer2/-/duplexer2-0.0.2.tgz#c614dcf67e2fb14995a91711e5a617e8a60a31db"
  dependencies:
    readable-stream "~1.1.9"

ebnf-parser@0.1.10:
  version "0.1.10"
  resolved "https://registry.yarnpkg.com/ebnf-parser/-/ebnf-parser-0.1.10.tgz#cd1f6ba477c5638c40c97ed9b572db5bab5d8331"

escodegen@~1.1.0:
  version "1.1.0"
  resolved "https://registry.yarnpkg.com/escodegen/-/escodegen-1.1.0.tgz#c663923f6e20aad48d0c0fa49f31c6d4f49360cf"
  dependencies:
    esprima "~1.0.4"
    estraverse "~1.5.0"
    esutils "~1.0.0"
  optionalDependencies:
    source-map "~0.1.30"

escodegen@~1.3.2, escodegen@1.3.x:
  version "1.3.3"
  resolved "https://registry.yarnpkg.com/escodegen/-/escodegen-1.3.3.tgz#f024016f5a88e046fd12005055e939802e6c5f23"
  dependencies:
    esprima "~1.1.1"
    estraverse "~1.5.0"
    esutils "~1.0.0"
  optionalDependencies:
    source-map "~0.1.33"

escope@~0.0.13:
  version "0.0.16"
  resolved "https://registry.yarnpkg.com/escope/-/escope-0.0.16.tgz#418c7a0afca721dafe659193fd986283e746538f"
  dependencies:
    estraverse ">= 0.0.2"

esprima-fb@^3001.1.0-dev-harmony-fb, esprima-fb@3001.1.0-dev-harmony-fb:
  version "3001.1.0-dev-harmony-fb"
  resolved "https://registry.yarnpkg.com/esprima-fb/-/esprima-fb-3001.0001.0000-dev-harmony-fb.tgz#b77d37abcd38ea0b77426bb8bc2922ce6b426411"

esprima@~1.0.2, esprima@~1.0.4:
  version "1.0.4"
  resolved "https://registry.yarnpkg.com/esprima/-/esprima-1.0.4.tgz#9f557e08fc3b4d26ece9dd34f8fbf476b62585ad"

esprima@~1.1.1, esprima@1.1.x:
  version "1.1.1"
  resolved "https://registry.yarnpkg.com/esprima/-/esprima-1.1.1.tgz#5b6f1547f4d102e670e140c509be6771d6aeb549"

esrefactor@~0.1.0:
  version "0.1.0"
  resolved "https://registry.yarnpkg.com/esrefactor/-/esrefactor-0.1.0.tgz#d142795a282339ab81e936b5b7a21b11bf197b13"
  dependencies:
    escope "~0.0.13"
    esprima "~1.0.2"
    estraverse "~0.0.4"

"estraverse@>= 0.0.2":
  version "4.2.0"
  resolved "https://registry.yarnpkg.com/estraverse/-/estraverse-4.2.0.tgz#0dee3fed31fcd469618ce7342099fc1afa0bdb13"

estraverse@~0.0.4:
  version "0.0.4"
  resolved "https://registry.yarnpkg.com/estraverse/-/estraverse-0.0.4.tgz#01a0932dfee574684a598af5a67c3bf9b6428db2"

estraverse@~1.5.0:
  version "1.5.1"
  resolved "https://registry.yarnpkg.com/estraverse/-/estraverse-1.5.1.tgz#867a3e8e58a9f84618afb6c2ddbcd916b7cbaf71"

esutils@~1.0.0:
  version "1.0.0"
  resolved "https://registry.yarnpkg.com/esutils/-/esutils-1.0.0.tgz#8151d358e20c8acc7fb745e7472c0025fe496570"

events@~1.0.0:
  version "1.0.2"
  resolved "https://registry.yarnpkg.com/events/-/events-1.0.2.tgz#75849dcfe93d10fb057c30055afdbd51d06a8e24"

fileset@~0.1.5:
  version "0.1.8"
  resolved "https://registry.yarnpkg.com/fileset/-/fileset-0.1.8.tgz#506b91a9396eaa7e32fb42a84077c7a0c736b741"
  dependencies:
    glob "3.x"
    minimatch "0.x"

gaze@~0.3.2:
  version "0.3.4"
  resolved "https://registry.yarnpkg.com/gaze/-/gaze-0.3.4.tgz#5f94bdda0afe53bc710969bcd6f282548d60c279"
  dependencies:
    fileset "~0.1.5"
    minimatch "~0.2.9"

glob@~3.2.8, glob@3.x:
  version "3.2.11"
  resolved "https://registry.yarnpkg.com/glob/-/glob-3.2.11.tgz#4a973f635b9190f715d10987d5c00fd2815ebe3d"
  dependencies:
    inherits "2"
    minimatch "0.3"

growl@~1.7.0:
  version "1.7.0"
  resolved "https://registry.yarnpkg.com/growl/-/growl-1.7.0.tgz#de2d66136d002e112ba70f3f10c31cf7c350b2da"

has-color@~0.1.0:
  version "0.1.7"
  resolved "https://registry.yarnpkg.com/has-color/-/has-color-0.1.7.tgz#67144a5260c34fc3cca677d041daf52fe7b78b2f"

http-browserify@~1.3.1:
  version "1.3.2"
  resolved "https://registry.yarnpkg.com/http-browserify/-/http-browserify-1.3.2.tgz#b562c34479349a690d7a6597df495aefa8c604f5"
  dependencies:
    Base64 "~0.2.0"
    inherits "~2.0.1"

https-browserify@~0.0.0:
  version "0.0.1"
  resolved "https://registry.yarnpkg.com/https-browserify/-/https-browserify-0.0.1.tgz#3f91365cabe60b77ed0ebba24b454e3e09d95a82"

ieee754@^1.1.4:
  version "1.1.8"
  resolved "https://registry.yarnpkg.com/ieee754/-/ieee754-1.1.8.tgz#be33d40ac10ef1926701f6f08a2d86fbfd1ad3e4"

indexof@0.0.1:
  version "0.0.1"
  resolved "https://registry.yarnpkg.com/indexof/-/indexof-0.0.1.tgz#82dc336d232b9062179d05ab3293a66059fd435d"

inherits@~2.0.1, inherits@2:
  version "2.0.3"
  resolved "https://registry.yarnpkg.com/inherits/-/inherits-2.0.3.tgz#633c2c83e3da42a502f52466022480f4208261de"

inherits@2.0.1:
  version "2.0.1"
  resolved "https://registry.yarnpkg.com/inherits/-/inherits-2.0.1.tgz#b17d08d326b4423e568eff719f91b0b1cbdf69f1"

inline-source-map@~0.3.0:
  version "0.3.1"
  resolved "https://registry.yarnpkg.com/inline-source-map/-/inline-source-map-0.3.1.tgz#a528b514e689fce90db3089e870d92f527acb5eb"
  dependencies:
    source-map "~0.3.0"

insert-module-globals@~6.0.0:
  version "6.0.0"
  resolved "https://registry.yarnpkg.com/insert-module-globals/-/insert-module-globals-6.0.0.tgz#ee8aeb9dee16819e33aa14588a558824af0c15dc"
  dependencies:
    concat-stream "~1.4.1"
    JSONStream "~0.7.1"
    lexical-scope "~1.1.0"
    process "~0.6.0"
    through "~2.3.4"
    xtend "^3.0.0"

is-array@^1.0.1:
  version "1.0.1"
  resolved "https://registry.yarnpkg.com/is-array/-/is-array-1.0.1.tgz#e9850cc2cc860c3bc0977e84ccf0dd464584279a"

isarray@0.0.1:
  version "0.0.1"
  resolved "https://registry.yarnpkg.com/isarray/-/isarray-0.0.1.tgz#8a18acfca9a8f4177e09abfc6038939b05d1eedf"

jasmine-growl-reporter@~0.0.2:
  version "0.0.3"
  resolved "https://registry.yarnpkg.com/jasmine-growl-reporter/-/jasmine-growl-reporter-0.0.3.tgz#b87ae551e359d28ad5217765eaef6c07b763f6c8"
  dependencies:
    growl "~1.7.0"

jasmine-node@^1.14.3:
  version "1.14.5"
  resolved "https://registry.yarnpkg.com/jasmine-node/-/jasmine-node-1.14.5.tgz#18e8397b856924ee77003666c3731b5aea50c39d"
  dependencies:
    coffee-script ">=1.0.1"
    gaze "~0.3.2"
    jasmine-growl-reporter "~0.0.2"
    jasmine-reporters "~1.0.0"
    mkdirp "~0.3.5"
    requirejs ">=0.27.1"
    underscore ">= 1.3.1"
    walkdir ">= 0.0.1"

jasmine-reporters@~1.0.0:
  version "1.0.2"
  resolved "https://registry.yarnpkg.com/jasmine-reporters/-/jasmine-reporters-1.0.2.tgz#ab613ed5977dc7487e85b3c12f6a8ea8db2ade31"
  dependencies:
    mkdirp "~0.3.5"

jison-lex@0.3.x:
  version "0.3.4"
  resolved "https://registry.yarnpkg.com/jison-lex/-/jison-lex-0.3.4.tgz#81ca28d84f84499dfa8c594dcde3d8a3f26ec7a5"
  dependencies:
    lex-parser "0.1.x"
    nomnom "1.5.2"

jison@~0.4.13:
  version "0.4.17"
  resolved "https://registry.yarnpkg.com/jison/-/jison-0.4.17.tgz#bc12d46c5845e6fee89ccf35bd2a8cc73eba17f3"
  dependencies:
    cjson "0.3.0"
    ebnf-parser "0.1.10"
    escodegen "1.3.x"
    esprima "1.1.x"
    jison-lex "0.3.x"
    JSONSelect "0.4.0"
    lex-parser "~0.1.3"
    nomnom "1.5.2"

jsonlint@1.6.0:
  version "1.6.0"
  resolved "https://registry.yarnpkg.com/jsonlint/-/jsonlint-1.6.0.tgz#88aa46bc289a7ac93bb46cae2d58a187a9bb494a"
  dependencies:
    JSV ">= 4.0.x"
    nomnom ">= 1.5.x"

jsonparse@0.0.5:
  version "0.0.5"
  resolved "https://registry.yarnpkg.com/jsonparse/-/jsonparse-0.0.5.tgz#330542ad3f0a654665b778f3eb2d9a9fa507ac64"

JSONSelect@0.4.0:
  version "0.4.0"
  resolved "https://registry.yarnpkg.com/JSONSelect/-/JSONSelect-0.4.0.tgz#a08edcc67eb3fcbe99ed630855344a0cf282bb8d"

JSONStream@~0.6.4:
  version "0.6.4"
  resolved "https://registry.yarnpkg.com/JSONStream/-/JSONStream-0.6.4.tgz#4b2c8063f8f512787b2375f7ee9db69208fa2dcb"
  dependencies:
    jsonparse "0.0.5"
    through "~2.2.7"

JSONStream@~0.7.1:
  version "0.7.4"
  resolved "https://registry.yarnpkg.com/JSONStream/-/JSONStream-0.7.4.tgz#734290e41511eea7c2cfe151fbf9a563a97b9786"
  dependencies:
    jsonparse "0.0.5"
    through ">=2.2.7 <3"

"JSV@>= 4.0.x":
  version "4.0.2"
  resolved "https://registry.yarnpkg.com/JSV/-/JSV-4.0.2.tgz#d077f6825571f82132f9dffaed587b4029feff57"

lex-parser@~0.1.3, lex-parser@0.1.x:
  version "0.1.4"
  resolved "https://registry.yarnpkg.com/lex-parser/-/lex-parser-0.1.4.tgz#64c4f025f17fd53bfb45763faeb16f015a747550"

lexical-scope@~1.1.0:
  version "1.1.1"
  resolved "https://registry.yarnpkg.com/lexical-scope/-/lexical-scope-1.1.1.tgz#debac1067435f1359d90fcfd9e94bcb2ee47b2bf"
  dependencies:
    astw "^2.0.0"

lru-cache@2:
  version "2.7.3"
  resolved "https://registry.yarnpkg.com/lru-cache/-/lru-cache-2.7.3.tgz#6d4524e8b955f95d4f5b58851ce21dd72fb4e952"

minimatch@~0.2.9:
  version "0.2.14"
  resolved "https://registry.yarnpkg.com/minimatch/-/minimatch-0.2.14.tgz#c74e780574f63c6f9a090e90efbe6ef53a6a756a"
  dependencies:
    lru-cache "2"
    sigmund "~1.0.0"

minimatch@0.3:
  version "0.3.0"
  resolved "https://registry.yarnpkg.com/minimatch/-/minimatch-0.3.0.tgz#275d8edaac4f1bb3326472089e7949c8394699dd"
  dependencies:
    lru-cache "2"
    sigmund "~1.0.0"

minimatch@0.x:
  version "0.4.0"
  resolved "https://registry.yarnpkg.com/minimatch/-/minimatch-0.4.0.tgz#bd2c7d060d2c8c8fd7cde7f1f2ed2d5b270fdb1b"
  dependencies:
    lru-cache "2"
    sigmund "~1.0.0"

minimist@~0.0.1, minimist@~0.0.7, minimist@~0.0.9:
  version "0.0.10"
  resolved "https://registry.yarnpkg.com/minimist/-/minimist-0.0.10.tgz#de3f98543dbf96082be48ad1a0c7cda836301dcf"

mkdirp@~0.3.5:
  version "0.3.5"
  resolved "https://registry.yarnpkg.com/mkdirp/-/mkdirp-0.3.5.tgz#de3e5f8961c88c787ee1368df849ac4413eca8d7"

module-deps@~2.1.1:
  version "2.1.5"
  resolved "https://registry.yarnpkg.com/module-deps/-/module-deps-2.1.5.tgz#375a9bc804ccd64cebb3c62ee643755f0b3ccf29"
  dependencies:
    browser-resolve "~1.2.4"
    concat-stream "~1.4.5"
    detective "~3.1.0"
    duplexer2 "0.0.2"
    inherits "~2.0.1"
    JSONStream "~0.7.1"
    minimist "~0.0.9"
    parents "0.0.2"
    readable-stream "^1.0.27-1"
    resolve "~0.6.3"
    stream-combiner "~0.1.0"
    subarg "0.0.1"
    through2 "~0.4.1"

"nomnom@>= 1.5.x":
  version "1.8.1"
  resolved "https://registry.yarnpkg.com/nomnom/-/nomnom-1.8.1.tgz#2151f722472ba79e50a76fc125bb8c8f2e4dc2a7"
  dependencies:
    chalk "~0.4.0"
    underscore "~1.6.0"

nomnom@1.5.2:
  version "1.5.2"
  resolved "https://registry.yarnpkg.com/nomnom/-/nomnom-1.5.2.tgz#f4345448a853cfbd5c0d26320f2477ab0526fe2f"
  dependencies:
    colors "0.5.x"
    underscore "1.1.x"

object-keys@~0.4.0:
  version "0.4.0"
  resolved "https://registry.yarnpkg.com/object-keys/-/object-keys-0.4.0.tgz#28a6aae7428dd2c3a92f3d95f21335dd204e0336"

optimist@~0.3.5:
  version "0.3.7"
  resolved "https://registry.yarnpkg.com/optimist/-/optimist-0.3.7.tgz#c90941ad59e4273328923074d2cf2e7cbc6ec0d9"
  dependencies:
    wordwrap "~0.0.2"

os-browserify@~0.1.1:
  version "0.1.2"
  resolved "https://registry.yarnpkg.com/os-browserify/-/os-browserify-0.1.2.tgz#49ca0293e0b19590a5f5de10c7f265a617d8fe54"

pako@~0.2.0:
  version "0.2.9"
  resolved "https://registry.yarnpkg.com/pako/-/pako-0.2.9.tgz#f3f7522f4ef782348da8161bad9ecfd51bf83a75"

parents@~0.0.1:
  version "0.0.3"
  resolved "https://registry.yarnpkg.com/parents/-/parents-0.0.3.tgz#fa212f024d9fa6318dbb6b4ce676c8be493b9c43"
  dependencies:
    path-platform "^0.0.1"

parents@0.0.2:
  version "0.0.2"
  resolved "https://registry.yarnpkg.com/parents/-/parents-0.0.2.tgz#67147826e497d40759aaf5ba4c99659b6034d302"

path-browserify@~0.0.0:
  version "0.0.0"
  resolved "https://registry.yarnpkg.com/path-browserify/-/path-browserify-0.0.0.tgz#a0b870729aae214005b7d5032ec2cbbb0fb4451a"

path-platform@^0.0.1:
  version "0.0.1"
  resolved "https://registry.yarnpkg.com/path-platform/-/path-platform-0.0.1.tgz#b5585d7c3c463d89aa0060d86611cf1afd617e2a"

process@^0.7.0:
  version "0.7.0"
  resolved "https://registry.yarnpkg.com/process/-/process-0.7.0.tgz#c52208161a34adf3812344ae85d3e6150469389d"

process@~0.5.1:
  version "0.5.2"
  resolved "https://registry.yarnpkg.com/process/-/process-0.5.2.tgz#1638d8a8e34c2f440a91db95ab9aeb677fc185cf"

process@~0.6.0:
  version "0.6.0"
  resolved "https://registry.yarnpkg.com/process/-/process-0.6.0.tgz#7dd9be80ffaaedd4cb628f1827f1cbab6dc0918f"

punycode@~1.2.3:
  version "1.2.4"
  resolved "https://registry.yarnpkg.com/punycode/-/punycode-1.2.4.tgz#54008ac972aec74175def9cba6df7fa9d3918740"

punycode@1.3.2:
  version "1.3.2"
  resolved "https://registry.yarnpkg.com/punycode/-/punycode-1.3.2.tgz#9653a036fb7c1ee42342f2325cceefea3926c48d"

querystring-es3@~0.2.0:
  version "0.2.1"
  resolved "https://registry.yarnpkg.com/querystring-es3/-/querystring-es3-0.2.1.tgz#9ec61f79049875707d69414596fd907a4d711e73"

querystring@0.2.0:
  version "0.2.0"
  resolved "https://registry.yarnpkg.com/querystring/-/querystring-0.2.0.tgz#b209849203bb25df820da756e747005878521620"

readable-stream@^1.0.27-1, readable-stream@~1.1.9:
  version "1.1.14"
  resolved "https://registry.yarnpkg.com/readable-stream/-/readable-stream-1.1.14.tgz#7cf4c54ef648e3813084c636dd2079e166c081d9"
  dependencies:
    core-util-is "~1.0.0"
    inherits "~2.0.1"
    isarray "0.0.1"
    string_decoder "~0.10.x"

readable-stream@~1.0.17:
  version "1.0.34"
  resolved "https://registry.yarnpkg.com/readable-stream/-/readable-stream-1.0.34.tgz#125820e34bc842d2f2aaafafe4c2916ee32c157c"
  dependencies:
    core-util-is "~1.0.0"
    inherits "~2.0.1"
    isarray "0.0.1"
    string_decoder "~0.10.x"

requirejs@>=0.27.1:
  version "2.3.3"
  resolved "https://registry.yarnpkg.com/requirejs/-/requirejs-2.3.3.tgz#aa59fd3a0287eaf407959a138228044b5dd6a6a3"

resolve@~0.3.0:
  version "0.3.1"
  resolved "https://registry.yarnpkg.com/resolve/-/resolve-0.3.1.tgz#34c63447c664c70598d1c9b126fc43b2a24310a4"

resolve@~0.6.3, resolve@0.6.3:
  version "0.6.3"
  resolved "https://registry.yarnpkg.com/resolve/-/resolve-0.6.3.tgz#dd957982e7e736debdf53b58a4dd91754575dd46"

resolve@~0.7.1:
  version "0.7.4"
  resolved "https://registry.yarnpkg.com/resolve/-/resolve-0.7.4.tgz#395a9ef9e873fbfe12bd14408bd91bb936003d69"

resolve@1.1.7:
  version "1.1.7"
  resolved "https://registry.yarnpkg.com/resolve/-/resolve-1.1.7.tgz#203114d82ad2c5ed9e8e0411b3932875e889e97b"

rfile@~1.0, rfile@~1.0.0:
  version "1.0.0"
  resolved "https://registry.yarnpkg.com/rfile/-/rfile-1.0.0.tgz#59708cf90ca1e74c54c3cfc5c36fdb9810435261"
  dependencies:
    callsite "~1.0.0"
    resolve "~0.3.0"

ruglify@~1.0.0:
  version "1.0.0"
  resolved "https://registry.yarnpkg.com/ruglify/-/ruglify-1.0.0.tgz#dc8930e2a9544a274301cc9972574c0d0986b675"
  dependencies:
    rfile "~1.0"
    uglify-js "~2.2"

shallow-copy@0.0.1:
  version "0.0.1"
  resolved "https://registry.yarnpkg.com/shallow-copy/-/shallow-copy-0.0.1.tgz#415f42702d73d810330292cc5ee86eae1a11a170"

shell-quote@~0.0.1:
  version "0.0.1"
  resolved "https://registry.yarnpkg.com/shell-quote/-/shell-quote-0.0.1.tgz#1a41196f3c0333c482323593d6886ecf153dd986"

sigmund@~1.0.0:
  version "1.0.1"
  resolved "https://registry.yarnpkg.com/sigmund/-/sigmund-1.0.1.tgz#3ff21f198cad2175f9f3b781853fd94d0d19b590"

source-map@~0.1.30, source-map@~0.1.31, source-map@~0.1.33, source-map@~0.1.7:
  version "0.1.43"
  resolved "https://registry.yarnpkg.com/source-map/-/source-map-0.1.43.tgz#c24bc146ca517c1471f5dacbe2571b2b7f9e3346"
  dependencies:
    amdefine ">=0.0.4"

source-map@~0.3.0:
  version "0.3.0"
  resolved "https://registry.yarnpkg.com/source-map/-/source-map-0.3.0.tgz#8586fb9a5a005e5b501e21cd18b6f21b457ad1f9"
  dependencies:
    amdefine ">=0.0.4"

source-map@0.1.34:
  version "0.1.34"
  resolved "https://registry.yarnpkg.com/source-map/-/source-map-0.1.34.tgz#a7cfe89aec7b1682c3b198d0acfb47d7d090566b"
  dependencies:
    amdefine ">=0.0.4"

stream-browserify@^1.0.0:
  version "1.0.0"
  resolved "https://registry.yarnpkg.com/stream-browserify/-/stream-browserify-1.0.0.tgz#bf9b4abfb42b274d751479e44e0ff2656b6f1193"
  dependencies:
    inherits "~2.0.1"
    readable-stream "^1.0.27-1"

stream-combiner@~0.0.2:
  version "0.0.4"
  resolved "https://registry.yarnpkg.com/stream-combiner/-/stream-combiner-0.0.4.tgz#4d5e433c185261dde623ca3f44c586bcf5c4ad14"
  dependencies:
    duplexer "~0.1.1"

stream-combiner@~0.1.0:
  version "0.1.0"
  resolved "https://registry.yarnpkg.com/stream-combiner/-/stream-combiner-0.1.0.tgz#0dc389a3c203f8f4d56368f95dde52eb9269b5be"
  dependencies:
    duplexer "~0.1.1"
    through "~2.3.4"

string_decoder@~0.0.0:
  version "0.0.1"
  resolved "https://registry.yarnpkg.com/string_decoder/-/string_decoder-0.0.1.tgz#f5472d0a8d1650ec823752d24e6fd627b39bf141"

string_decoder@~0.10.x:
  version "0.10.31"
  resolved "https://registry.yarnpkg.com/string_decoder/-/string_decoder-0.10.31.tgz#62e203bc41766c6c28c9fc84301dab1c5310fa94"

strip-ansi@~0.1.0:
  version "0.1.1"
  resolved "https://registry.yarnpkg.com/strip-ansi/-/strip-ansi-0.1.1.tgz#39e8a98d044d150660abe4a6808acf70bb7bc991"

subarg@0.0.1:
  version "0.0.1"
  resolved "https://registry.yarnpkg.com/subarg/-/subarg-0.0.1.tgz#3d56b07dacfbc45bbb63f7672b43b63e46368e3a"
  dependencies:
    minimist "~0.0.7"

syntax-error@~1.1.0:
  version "1.1.6"
  resolved "https://registry.yarnpkg.com/syntax-error/-/syntax-error-1.1.6.tgz#b4549706d386cc1c1dc7c2423f18579b6cade710"
  dependencies:
    acorn "^2.7.0"

"through@>=2.2.7 <3", through@~2.3.4:
  version "2.3.8"
  resolved "https://registry.yarnpkg.com/through/-/through-2.3.8.tgz#0dd4c9ffaabc357960b1b724115d7e0e86a2e1f5"

through@~2.2.7:
  version "2.2.7"
  resolved "https://registry.yarnpkg.com/through/-/through-2.2.7.tgz#6e8e21200191d4eb6a99f6f010df46aa1c6eb2bd"

through2@~0.4.1:
  version "0.4.2"
  resolved "https://registry.yarnpkg.com/through2/-/through2-0.4.2.tgz#dbf5866031151ec8352bb6c4db64a2292a840b9b"
  dependencies:
    readable-stream "~1.0.17"
    xtend "~2.1.1"

timers-browserify@~1.0.1:
  version "1.0.3"
  resolved "https://registry.yarnpkg.com/timers-browserify/-/timers-browserify-1.0.3.tgz#ffba70c9c12eed916fd67318e629ac6f32295551"
  dependencies:
    process "~0.5.1"

tty-browserify@~0.0.0:
  version "0.0.0"
  resolved "https://registry.yarnpkg.com/tty-browserify/-/tty-browserify-0.0.0.tgz#a157ba402da24e9bf957f9aa69d524eed42901a6"

typedarray@~0.0.5:
  version "0.0.6"
  resolved "https://registry.yarnpkg.com/typedarray/-/typedarray-0.0.6.tgz#867ac74e3864187b1d3d47d996a78ec5c8830777"

uglify-js@~2.2:
  version "2.2.5"
  resolved "https://registry.yarnpkg.com/uglify-js/-/uglify-js-2.2.5.tgz#a6e02a70d839792b9780488b7b8b184c095c99c7"
  dependencies:
    optimist "~0.3.5"
    source-map "~0.1.7"

uglify-js@~2.4.0:
  version "2.4.24"
  resolved "https://registry.yarnpkg.com/uglify-js/-/uglify-js-2.4.24.tgz#fad5755c1e1577658bb06ff9ab6e548c95bebd6e"
  dependencies:
    async "~0.2.6"
    source-map "0.1.34"
    uglify-to-browserify "~1.0.0"
    yargs "~3.5.4"

uglify-to-browserify@~1.0.0:
  version "1.0.2"
  resolved "https://registry.yarnpkg.com/uglify-to-browserify/-/uglify-to-browserify-1.0.2.tgz#6e0924d6bda6b5afe349e39a6d632850a0f882b7"

umd@~2.1.0:
  version "2.1.0"
  resolved "https://registry.yarnpkg.com/umd/-/umd-2.1.0.tgz#4a6307b762f17f02d201b5fa154e673396c263cf"
  dependencies:
    rfile "~1.0.0"
    ruglify "~1.0.0"
    through "~2.3.4"
    uglify-js "~2.4.0"

"underscore@>= 1.3.1":
  version "1.8.3"
  resolved "https://registry.yarnpkg.com/underscore/-/underscore-1.8.3.tgz#4f3fb53b106e6097fcf9cb4109f2a5e9bdfa5022"

underscore@~1.6.0:
  version "1.6.0"
  resolved "https://registry.yarnpkg.com/underscore/-/underscore-1.6.0.tgz#8b38b10cacdef63337b8b24e4ff86d45aea529a8"

underscore@1.1.x:
  version "1.1.7"
  resolved "https://registry.yarnpkg.com/underscore/-/underscore-1.1.7.tgz#40bab84bad19d230096e8d6ef628bff055d83db0"

url@~0.10.1:
  version "0.10.3"
  resolved "https://registry.yarnpkg.com/url/-/url-0.10.3.tgz#021e4d9c7705f21bbf37d03ceb58767402774c64"
  dependencies:
    punycode "1.3.2"
    querystring "0.2.0"

util@~0.10.1, util@0.10.3:
  version "0.10.3"
  resolved "https://registry.yarnpkg.com/util/-/util-0.10.3.tgz#7afb1afe50805246489e3db7fe0ed379336ac0f9"
  dependencies:
    inherits "2.0.1"

vm-browserify@~0.0.1:
  version "0.0.4"
  resolved "https://registry.yarnpkg.com/vm-browserify/-/vm-browserify-0.0.4.tgz#5d7ea45bbef9e4a6ff65f95438e0a87c357d5a73"
  dependencies:
    indexof "0.0.1"

"walkdir@>= 0.0.1":
  version "0.0.11"
  resolved "https://registry.yarnpkg.com/walkdir/-/walkdir-0.0.11.tgz#a16d025eb931bd03b52f308caed0f40fcebe9532"

window-size@0.1.0:
  version "0.1.0"
  resolved "https://registry.yarnpkg.com/window-size/-/window-size-0.1.0.tgz#5438cd2ea93b202efa3a19fe8887aee7c94f9c9d"

wordwrap@~0.0.2:
  version "0.0.3"
  resolved "https://registry.yarnpkg.com/wordwrap/-/wordwrap-0.0.3.tgz#a3d5da6cd5c0bc0008d37234bbaf1bed63059107"

wordwrap@0.0.2:
  version "0.0.2"
  resolved "https://registry.yarnpkg.com/wordwrap/-/wordwrap-0.0.2.tgz#b79669bb42ecb409f83d583cad52ca17eaa1643f"

xtend@^3.0.0:
  version "3.0.0"
  resolved "https://registry.yarnpkg.com/xtend/-/xtend-3.0.0.tgz#5cce7407baf642cba7becda568111c493f59665a"

xtend@~2.1.1:
  version "2.1.2"
  resolved "https://registry.yarnpkg.com/xtend/-/xtend-2.1.2.tgz#6efecc2a4dad8e6962c4901b337ce7ba87b5d28b"
  dependencies:
    object-keys "~0.4.0"

yargs@~3.5.4:
  version "3.5.4"
  resolved "https://registry.yarnpkg.com/yargs/-/yargs-3.5.4.tgz#d8aff8f665e94c34bd259bdebd1bfaf0ddd35361"
  dependencies:
    camelcase "^1.0.2"
    decamelize "^1.0.0"
    window-size "0.1.0"
    wordwrap "0.0.2"

